// !$*UTF8*$!
{
	archiveVersion = 1;
	classes = {
	};
	objectVersion = 46;
	objects = {

/* Begin PBXBuildFile section */
		66CB991F1E5A46AB00E81D49 /* main.m in Sources */ = {isa = PBXBuildFile; fileRef = 66CB991E1E5A46AB00E81D49 /* main.m */; };
		66CB99221E5A46AB00E81D49 /* AppDelegate.m in Sources */ = {isa = PBXBuildFile; fileRef = 66CB99211E5A46AB00E81D49 /* AppDelegate.m */; };
		66CB99251E5A46AB00E81D49 /* ViewController.m in Sources */ = {isa = PBXBuildFile; fileRef = 66CB99241E5A46AB00E81D49 /* ViewController.m */; };
		66CB99281E5A46AB00E81D49 /* Main.storyboard in Resources */ = {isa = PBXBuildFile; fileRef = 66CB99261E5A46AB00E81D49 /* Main.storyboard */; };
		66CB992A1E5A46AB00E81D49 /* Assets.xcassets in Resources */ = {isa = PBXBuildFile; fileRef = 66CB99291E5A46AB00E81D49 /* Assets.xcassets */; };
		66CB992D1E5A46AB00E81D49 /* LaunchScreen.storyboard in Resources */ = {isa = PBXBuildFile; fileRef = 66CB992B1E5A46AB00E81D49 /* LaunchScreen.storyboard */; };
/* End PBXBuildFile section */

/* Begin PBXFileReference section */
		66CB991A1E5A46AB00E81D49 /* EasyEdit.app */ = {isa = PBXFileReference; explicitFileType = wrapper.application; includeInIndex = 0; path = EasyEdit.app; sourceTree = BUILT_PRODUCTS_DIR; };
		66CB991E1E5A46AB00E81D49 /* main.m */ = {isa = PBXFileReference; lastKnownFileType = sourcecode.c.objc; path = main.m; sourceTree = "<group>"; };
		66CB99201E5A46AB00E81D49 /* AppDelegate.h */ = {isa = PBXFileReference; lastKnownFileType = sourcecode.c.h; path = AppDelegate.h; sourceTree = "<group>"; };
		66CB99211E5A46AB00E81D49 /* AppDelegate.m */ = {isa = PBXFileReference; lastKnownFileType = sourcecode.c.objc; path = AppDelegate.m; sourceTree = "<group>"; };
		66CB99231E5A46AB00E81D49 /* ViewController.h */ = {isa = PBXFileReference; lastKnownFileType = sourcecode.c.h; path = ViewController.h; sourceTree = "<group>"; };
		66CB99241E5A46AB00E81D49 /* ViewController.m */ = {isa = PBXFileReference; lastKnownFileType = sourcecode.c.objc; path = ViewController.m; sourceTree = "<group>"; };
		66CB99271E5A46AB00E81D49 /* Base */ = {isa = PBXFileReference; lastKnownFileType = file.storyboard; name = Base; path = Base.lproj/Main.storyboard; sourceTree = "<group>"; };
		66CB99291E5A46AB00E81D49 /* Assets.xcassets */ = {isa = PBXFileReference; lastKnownFileType = folder.assetcatalog; path = Assets.xcassets; sourceTree = "<group>"; };
		66CB992C1E5A46AB00E81D49 /* Base */ = {isa = PBXFileReference; lastKnownFileType = file.storyboard; name = Base; path = Base.lproj/LaunchScreen.storyboard; sourceTree = "<group>"; };
		66CB992E1E5A46AB00E81D49 /* Info.plist */ = {isa = PBXFileReference; lastKnownFileType = text.plist.xml; path = Info.plist; sourceTree = "<group>"; };
/* End PBXFileReference section */

/* Begin PBXFrameworksBuildPhase section */
		66CB99171E5A46AB00E81D49 /* Frameworks */ = {
			isa = PBXFrameworksBuildPhase;
			buildActionMask = 2147483647;
			files = (
			);
			runOnlyForDeploymentPostprocessing = 0;
		};
/* End PBXFrameworksBuildPhase section */

/* Begin PBXGroup section */
		66CB99111E5A46AB00E81D49 = {
			isa = PBXGroup;
			children = (
				66CB991C1E5A46AB00E81D49 /* EasyEdit */,
				66CB991B1E5A46AB00E81D49 /* Products */,
			);
			sourceTree = "<group>";
		};
		66CB991B1E5A46AB00E81D49 /* Products */ = {
			isa = PBXGroup;
			children = (
				66CB991A1E5A46AB00E81D49 /* EasyEdit.app */,
			);
			name = Products;
			sourceTree = "<group>";
		};
		66CB991C1E5A46AB00E81D49 /* EasyEdit */ = {
			isa = PBXGroup;
			children = (
				66CB99201E5A46AB00E81D49 /* AppDelegate.h */,
				66CB99211E5A46AB00E81D49 /* AppDelegate.m */,
				66CB99231E5A46AB00E81D49 /* ViewController.h */,
				66CB99241E5A46AB00E81D49 /* ViewController.m */,
				66CB99261E5A46AB00E81D49 /* Main.storyboard */,
				66CB99291E5A46AB00E81D49 /* Assets.xcassets */,
				66CB992B1E5A46AB00E81D49 /* LaunchScreen.storyboard */,
				66CB992E1E5A46AB00E81D49 /* Info.plist */,
				66CB991D1E5A46AB00E81D49 /* Supporting Files */,
			);
			path = EasyEdit;
			sourceTree = "<group>";
		};
		66CB991D1E5A46AB00E81D49 /* Supporting Files */ = {
			isa = PBXGroup;
			children = (
				66CB991E1E5A46AB00E81D49 /* main.m */,
			);
			name = "Supporting Files";
			sourceTree = "<group>";
		};
/* End PBXGroup section */

/* Begin PBXNativeTarget section */
		66CB99191E5A46AB00E81D49 /* EasyEdit */ = {
			isa = PBXNativeTarget;
			buildConfigurationList = 66CB99311E5A46AB00E81D49 /* Build configuration list for PBXNativeTarget "EasyEdit" */;
			buildPhases = (
				66CB99161E5A46AB00E81D49 /* Sources */,
				66CB99171E5A46AB00E81D49 /* Frameworks */,
				66CB99181E5A46AB00E81D49 /* Resources */,
			);
			buildRules = (
			);
			dependencies = (
			);
			name = EasyEdit;
			productName = EasyEdit;
			productReference = 66CB991A1E5A46AB00E81D49 /* EasyEdit.app */;
			productType = "com.apple.product-type.application";
		};
/* End PBXNativeTarget section */

/* Begin PBXProject section */
		66CB99121E5A46AB00E81D49 /* Project object */ = {
			isa = PBXProject;
			attributes = {
				LastUpgradeCheck = 0820;
				ORGANIZATIONNAME = "Kasidi Bellanger";
				TargetAttributes = {
					66CB99191E5A46AB00E81D49 = {
						CreatedOnToolsVersion = 8.2.1;
						ProvisioningStyle = Automatic;
					};
				};
			};
			buildConfigurationList = 66CB99151E5A46AB00E81D49 /* Build configuration list for PBXProject "EasyEdit" */;
			compatibilityVersion = "Xcode 3.2";
			developmentRegion = English;
			hasScannedForEncodings = 0;
			knownRegions = (
				en,
				Base,
			);
			mainGroup = 66CB99111E5A46AB00E81D49;
			productRefGroup = 66CB991B1E5A46AB00E81D49 /* Products */;
			projectDirPath = "";
			projectRoot = "";
			targets = (
				66CB99191E5A46AB00E81D49 /* EasyEdit */,
			);
		};
/* End PBXProject section */

/* Begin PBXResourcesBuildPhase section */
		66CB99181E5A46AB00E81D49 /* Resources */ = {
			isa = PBXResourcesBuildPhase;
			buildActionMask = 2147483647;
			files = (
				66CB992D1E5A46AB00E81D49 /* LaunchScreen.storyboard in Resources */,
				66CB992A1E5A46AB00E81D49 /* Assets.xcassets in Resources */,
				66CB99281E5A46AB00E81D49 /* Main.storyboard in Resources */,
			);
			runOnlyForDeploymentPostprocessing = 0;
		};
/* End PBXResourcesBuildPhase section */

/* Begin PBXSourcesBuildPhase section */
		66CB99161E5A46AB00E81D49 /* Sources */ = {
			isa = PBXSourcesBuildPhase;
			buildActionMask = 2147483647;
			files = (
				66CB99251E5A46AB00E81D49 /* ViewController.m in Sources */,
				66CB99221E5A46AB00E81D49 /* AppDelegate.m in Sources */,
				66CB991F1E5A46AB00E81D49 /* main.m in Sources */,
			);
			runOnlyForDeploymentPostprocessing = 0;
		};
/* End PBXSourcesBuildPhase section */

/* Begin PBXVariantGroup section */
		66CB99261E5A46AB00E81D49 /* Main.storyboard */ = {
			isa = PBXVariantGroup;
			children = (
				66CB99271E5A46AB00E81D49 /* Base */,
			);
			name = Main.storyboard;
			sourceTree = "<group>";
		};
		66CB992B1E5A46AB00E81D49 /* LaunchScreen.storyboard */ = {
			isa = PBXVariantGroup;
			children = (
				66CB992C1E5A46AB00E81D49 /* Base */,
			);
			name = LaunchScreen.storyboard;
			sourceTree = "<group>";
		};
/* End PBXVariantGroup section */

/* Begin XCBuildConfiguration section */
		66CB992F1E5A46AB00E81D49 /* Debug */ = {
			isa = XCBuildConfiguration;
			buildSettings = {
				ALWAYS_SEARCH_USER_PATHS = NO;
				CLANG_ANALYZER_NONNULL = YES;
				CLANG_CXX_LANGUAGE_STANDARD = "gnu++0x";
				CLANG_CXX_LIBRARY = "libc++";
				CLANG_ENABLE_MODULES = YES;
				CLANG_ENABLE_OBJC_ARC = YES;
				CLANG_WARN_BOOL_CONVERSION = YES;
				CLANG_WARN_CONSTANT_CONVERSION = YES;
				CLANG_WARN_DIRECT_OBJC_ISA_USAGE = YES_ERROR;
				CLANG_WARN_DOCUMENTATION_COMMENTS = YES;
				CLANG_WARN_EMPTY_BODY = YES;
				CLANG_WARN_ENUM_CONVERSION = YES;
				CLANG_WARN_INFINITE_RECURSION = YES;
				CLANG_WARN_INT_CONVERSION = YES;
				CLANG_WARN_OBJC_ROOT_CLASS = YES_ERROR;
				CLANG_WARN_SUSPICIOUS_MOVE = YES;
				CLANG_WARN_UNREACHABLE_CODE = YES;
				CLANG_WARN__DUPLICATE_METHOD_MATCH = YES;
				"CODE_SIGN_IDENTITY[sdk=iphoneos*]" = "iPhone Developer";
				COPY_PHASE_STRIP = NO;
				DEBUG_INFORMATION_FORMAT = dwarf;
				ENABLE_STRICT_OBJC_MSGSEND = YES;
				ENABLE_TESTABILITY = YES;
				GCC_C_LANGUAGE_STANDARD = gnu99;
				GCC_DYNAMIC_NO_PIC = NO;
				GCC_NO_COMMON_BLOCKS = YES;
				GCC_OPTIMIZATION_LEVEL = 0;
				GCC_PREPROCESSOR_DEFINITIONS = (
					"DEBUG=1",
					"$(inherited)",
				);
				GCC_WARN_64_TO_32_BIT_CONVERSION = YES;
				GCC_WARN_ABOUT_RETURN_TYPE = YES_ERROR;
				GCC_WARN_UNDECLARED_SELECTOR = YES;
				GCC_WARN_UNINITIALIZED_AUTOS = YES_AGGRESSIVE;
				GCC_WARN_UNUSED_FUNCTION = YES;
				GCC_WARN_UNUSED_VARIABLE = YES;
				IPHONEOS_DEPLOYMENT_TARGET = 10.2;
				MTL_ENABLE_DEBUG_INFO = YES;
				ONLY_ACTIVE_ARCH = YES;
				SDKROOT = iphoneos;
				TARGETED_DEVICE_FAMILY = "1,2";
			};
			name = Debug;
		};
		66CB99301E5A46AB00E81D49 /* Release */ = {
			isa = XCBuildConfiguration;
			buildSettings = {
				ALWAYS_SEARCH_USER_PATHS = NO;
				CLANG_ANALYZER_NONNULL = YES;
				CLANG_CXX_LANGUAGE_STANDARD = "gnu++0x";
				CLANG_CXX_LIBRARY = "libc++";
				CLANG_ENABLE_MODULES = YES;
				CLANG_ENABLE_OBJC_ARC = YES;
				CLANG_WARN_BOOL_CONVERSION = YES;
				CLANG_WARN_CONSTANT_CONVERSION = YES;
				CLANG_WARN_DIRECT_OBJC_ISA_USAGE = YES_ERROR;
				CLANG_WARN_DOCUMENTATION_COMMENTS = YES;
				CLANG_WARN_EMPTY_BODY = YES;
				CLANG_WARN_ENUM_CONVERSION = YES;
				CLANG_WARN_INFINITE_RECURSION = YES;
				CLANG_WARN_INT_CONVERSION = YES;
				CLANG_WARN_OBJC_ROOT_CLASS = YES_ERROR;
				CLANG_WARN_SUSPICIOUS_MOVE = YES;
				CLANG_WARN_UNREACHABLE_CODE = YES;
				CLANG_WARN__DUPLICATE_METHOD_MATCH = YES;
				"CODE_SIGN_IDENTITY[sdk=iphoneos*]" = "iPhone Developer";
				COPY_PHASE_STRIP = NO;
				DEBUG_INFORMATION_FORMAT = "dwarf-with-dsym";
				ENABLE_NS_ASSERTIONS = NO;
				ENABLE_STRICT_OBJC_MSGSEND = YES;
				GCC_C_LANGUAGE_STANDARD = gnu99;
				GCC_NO_COMMON_BLOCKS = YES;
				GCC_WARN_64_TO_32_BIT_CONVERSION = YES;
				GCC_WARN_ABOUT_RETURN_TYPE = YES_ERROR;
				GCC_WARN_UNDECLARED_SELECTOR = YES;
				GCC_WARN_UNINITIALIZED_AUTOS = YES_AGGRESSIVE;
				GCC_WARN_UNUSED_FUNCTION = YES;
				GCC_WARN_UNUSED_VARIABLE = YES;
				IPHONEOS_DEPLOYMENT_TARGET = 10.2;
				MTL_ENABLE_DEBUG_INFO = NO;
				SDKROOT = iphoneos;
				TARGETED_DEVICE_FAMILY = "1,2";
				VALIDATE_PRODUCT = YES;
			};
			name = Release;
		};
		66CB99321E5A46AB00E81D49 /* Debug */ = {
			isa = XCBuildConfiguration;
			buildSettings = {
				ASSETCATALOG_COMPILER_APPICON_NAME = AppIcon;
				INFOPLIST_FILE = EasyEdit/Info.plist;
				LD_RUNPATH_SEARCH_PATHS = "$(inherited) @executable_path/Frameworks";
				PRODUCT_BUNDLE_IDENTIFIER = com.BigNerdRanch.EasyEdit;
				PRODUCT_NAME = "$(TARGET_NAME)";
			};
			name = Debug;
		};
		66CB99331E5A46AB00E81D49 /* Release */ = {
			isa = XCBuildConfiguration;
			buildSettings = {
				ASSETCATALOG_COMPILER_APPICON_NAME = AppIcon;
				INFOPLIST_FILE = EasyEdit/Info.plist;
				LD_RUNPATH_SEARCH_PATHS = "$(inherited) @executable_path/Frameworks";
				PRODUCT_BUNDLE_IDENTIFIER = com.BigNerdRanch.EasyEdit;
				PRODUCT_NAME = "$(TARGET_NAME)";
			};
			name = Release;
		};
/* End XCBuildConfiguration section */

/* Begin XCConfigurationList section */
		66CB99151E5A46AB00E81D49 /* Build configuration list for PBXProject "EasyEdit" */ = {
			isa = XCConfigurationList;
			buildConfigurations = (
				66CB992F1E5A46AB00E81D49 /* Debug */,
				66CB99301E5A46AB00E81D49 /* Release */,
			);
			defaultConfigurationIsVisible = 0;
			defaultConfigurationName = Release;
		};
		66CB99311E5A46AB00E81D49 /* Build configuration list for PBXNativeTarget "EasyEdit" */ = {
			isa = XCConfigurationList;
			buildConfigurations = (
				66CB99321E5A46AB00E81D49 /* Debug */,
				66CB99331E5A46AB00E81D49 /* Release */,
			);
			defaultConfigurationIsVisible = 0;
		};
/* End XCConfigurationList section */
	};
	rootObject = 66CB99121E5A46AB00E81D49 /* Project object */;
}
